
Microsoft Visual Studio Solution File, Format Version 12.00
# Visual Studio Version 16
VisualStudioVersion = 16.0.31624.102
MinimumVisualStudioVersion = 10.0.40219.1
Project("{FAE04EC0-301F-11D3-BF4B-00C04F79EFBC}") = "ExtraTypeAliases", "ExtraTypeAliases\ExtraTypeAliases.csproj", "{12EE8E16-3071-4973-B4B9-1E1D86BD0FD4}"
EndProject
Global
	GlobalSection(SolutionConfigurationPlatforms) = preSolution
		Debug|Any CPU = Debug|Any CPU
		Release|Any CPU = Release|Any CPU
	EndGlobalSection
	GlobalSection(ProjectConfigurationPlatforms) = postSolution
		{12EE8E16-3071-4973-B4B9-1E1D86BD0FD4}.Debug|Any CPU.ActiveCfg = Debug|Any CPU
		{12EE8E16-3071-4973-B4B9-1E1D86BD0FD4}.Debug|Any CPU.Build.0 = Debug|Any CPU
		{12EE8E16-3071-4973-B4B9-1E1D86BD0FD4}.Release|Any CPU.ActiveCfg = Release|Any CPU
		{12EE8E16-3071-4973-B4B9-1E1D86BD0FD4}.Release|Any CPU.Build.0 = Release|Any CPU
	EndGlobalSection
	GlobalSection(SolutionProperties) = preSolution
		HideSolutionNode = FALSE
	EndGlobalSection
	GlobalSection(ExtensibilityGlobals) = postSolution
		SolutionGuid = {7146F2F0-B8CC-4E97-8ABC-50C02AAEF916}
	EndGlobalSection
EndGlobal
